
Microsoft Visual Studio Solution File, Format Version 12.00
# Visual Studio Version 17
VisualStudioVersion = 17.9.34728.123
MinimumVisualStudioVersion = 10.0.40219.1
Project("{8BC9CEB8-8B4A-11D0-8D11-00A0C91BC942}") = "SIM200_TESTER", "SIM200_TESTER.vcxproj", "{D8A7143D-1DB5-4048-A2B3-88B34471748A}"
EndProject
Global
	GlobalSection(SolutionConfigurationPlatforms) = preSolution
		Debug|x64 = Debug|x64
		Debug|x86 = Debug|x86
		Release|x64 = Release|x64
		Release|x86 = Release|x86
	EndGlobalSection
	GlobalSection(ProjectConfigurationPlatforms) = postSolution
		{D8A7143D-1DB5-4048-A2B3-88B34471748A}.Debug|x64.ActiveCfg = Debug|x64
		{D8A7143D-1DB5-4048-A2B3-88B34471748A}.Debug|x64.Build.0 = Debug|x64
		{D8A7143D-1DB5-4048-A2B3-88B34471748A}.Debug|x86.ActiveCfg = Debug|Win32
		{D8A7143D-1DB5-4048-A2B3-88B34471748A}.Debug|x86.Build.0 = Debug|Win32
		{D8A7143D-1DB5-4048-A2B3-88B34471748A}.Release|x64.ActiveCfg = Release|x64
		{D8A7143D-1DB5-4048-A2B3-88B34471748A}.Release|x64.Build.0 = Release|x64
		{D8A7143D-1DB5-4048-A2B3-88B34471748A}.Release|x86.ActiveCfg = Release|Win32
		{D8A7143D-1DB5-4048-A2B3-88B34471748A}.Release|x86.Build.0 = Release|Win32
	EndGlobalSection
	GlobalSection(SolutionProperties) = preSolution
		HideSolutionNode = FALSE
	EndGlobalSection
	GlobalSection(ExtensibilityGlobals) = postSolution
		SolutionGuid = {6DDE82F1-90D2-43D9-A0CA-098F77A6E177}
	EndGlobalSection
EndGlobal
